
Microsoft Visual Studio Solution File, Format Version 12.00
# Visual Studio Version 16
VisualStudioVersion = 16.0.30804.86
MinimumVisualStudioVersion = 10.0.40219.1
Project("{FAE04EC0-301F-11D3-BF4B-00C04F79EFBC}") = "BookStore-API", "BookStore-API\BookStore-API.csproj", "{24319923-EC07-4EC4-84F4-7FAE64DE7210}"
EndProject
Global
	GlobalSection(SolutionConfigurationPlatforms) = preSolution
		Debug|Any CPU = Debug|Any CPU
		Release|Any CPU = Release|Any CPU
	EndGlobalSection
	GlobalSection(ProjectConfigurationPlatforms) = postSolution
		{24319923-EC07-4EC4-84F4-7FAE64DE7210}.Debug|Any CPU.ActiveCfg = Debug|Any CPU
		{24319923-EC07-4EC4-84F4-7FAE64DE7210}.Debug|Any CPU.Build.0 = Debug|Any CPU
		{24319923-EC07-4EC4-84F4-7FAE64DE7210}.Release|Any CPU.ActiveCfg = Release|Any CPU
		{24319923-EC07-4EC4-84F4-7FAE64DE7210}.Release|Any CPU.Build.0 = Release|Any CPU
	EndGlobalSection
	GlobalSection(SolutionProperties) = preSolution
		HideSolutionNode = FALSE
	EndGlobalSection
	GlobalSection(ExtensibilityGlobals) = postSolution
		SolutionGuid = {BBC2B4D7-A69D-4CD8-A94D-34E803321619}
	EndGlobalSection
EndGlobal
